
Microsoft Visual Studio Solution File, Format Version 12.00
# Visual Studio Version 17
VisualStudioVersion = 17.14.36109.1 d17.14
MinimumVisualStudioVersion = 10.0.40219.1
Project("{FAE04EC0-301F-11D3-BF4B-00C04F79EFBC}") = "matrizadyacencia", "matrizadyacencia\matrizadyacencia.csproj", "{A15F5134-CDE5-4AFD-B8D5-044FC356BAC3}"
EndProject
Project("{FAE04EC0-301F-11D3-BF4B-00C04F79EFBC}") = "matadydnp", "matadydnp\matadydnp.csproj", "{5D436C37-748D-4A0E-A567-08B82801A5D7}"
EndProject
Global
	GlobalSection(SolutionConfigurationPlatforms) = preSolution
		Debug|Any CPU = Debug|Any CPU
		Release|Any CPU = Release|Any CPU
	EndGlobalSection
	GlobalSection(ProjectConfigurationPlatforms) = postSolution
		{A15F5134-CDE5-4AFD-B8D5-044FC356BAC3}.Debug|Any CPU.ActiveCfg = Debug|Any CPU
		{A15F5134-CDE5-4AFD-B8D5-044FC356BAC3}.Debug|Any CPU.Build.0 = Debug|Any CPU
		{A15F5134-CDE5-4AFD-B8D5-044FC356BAC3}.Release|Any CPU.ActiveCfg = Release|Any CPU
		{A15F5134-CDE5-4AFD-B8D5-044FC356BAC3}.Release|Any CPU.Build.0 = Release|Any CPU
		{5D436C37-748D-4A0E-A567-08B82801A5D7}.Debug|Any CPU.ActiveCfg = Debug|Any CPU
		{5D436C37-748D-4A0E-A567-08B82801A5D7}.Debug|Any CPU.Build.0 = Debug|Any CPU
		{5D436C37-748D-4A0E-A567-08B82801A5D7}.Release|Any CPU.ActiveCfg = Release|Any CPU
		{5D436C37-748D-4A0E-A567-08B82801A5D7}.Release|Any CPU.Build.0 = Release|Any CPU
	EndGlobalSection
	GlobalSection(SolutionProperties) = preSolution
		HideSolutionNode = FALSE
	EndGlobalSection
	GlobalSection(ExtensibilityGlobals) = postSolution
		SolutionGuid = {3A0B36AE-6CF4-482D-9864-E1EAF7055EFE}
	EndGlobalSection
EndGlobal
